// !$*UTF8*$!
{
	archiveVersion = 1;
	classes = {
	};
	objectVersion = 50;
	objects = {

/* Begin PBXBuildFile section */
		B4A89AE02368E26300B447DC /* IMG_3973.mov in Resources */ = {isa = PBXBuildFile; fileRef = B4A89ADF2368E26300B447DC /* IMG_3973.mov */; };
		FBAB443E2368D23B000D48E3 /* AppDelegate.swift in Sources */ = {isa = PBXBuildFile; fileRef = FBAB443D2368D23B000D48E3 /* AppDelegate.swift */; };
		FBAB44402368D23B000D48E3 /* SceneDelegate.swift in Sources */ = {isa = PBXBuildFile; fileRef = FBAB443F2368D23B000D48E3 /* SceneDelegate.swift */; };
		FBAB44422368D23B000D48E3 /* ViewController.swift in Sources */ = {isa = PBXBuildFile; fileRef = FBAB44412368D23B000D48E3 /* ViewController.swift */; };
		FBAB44452368D23B000D48E3 /* Main.storyboard in Resources */ = {isa = PBXBuildFile; fileRef = FBAB44432368D23B000D48E3 /* Main.storyboard */; };
		FBAB44472368D23D000D48E3 /* Assets.xcassets in Resources */ = {isa = PBXBuildFile; fileRef = FBAB44462368D23D000D48E3 /* Assets.xcassets */; };
		FBAB444A2368D23D000D48E3 /* LaunchScreen.storyboard in Resources */ = {isa = PBXBuildFile; fileRef = FBAB44482368D23D000D48E3 /* LaunchScreen.storyboard */; };
/* End PBXBuildFile section */

/* Begin PBXFileReference section */
		B4A89ADF2368E26300B447DC /* IMG_3973.mov */ = {isa = PBXFileReference; lastKnownFileType = video.quicktime; path = IMG_3973.mov; sourceTree = "<group>"; };
		FBAB443A2368D23B000D48E3 /* videoCredencial.app */ = {isa = PBXFileReference; explicitFileType = wrapper.application; includeInIndex = 0; path = videoCredencial.app; sourceTree = BUILT_PRODUCTS_DIR; };
		FBAB443D2368D23B000D48E3 /* AppDelegate.swift */ = {isa = PBXFileReference; lastKnownFileType = sourcecode.swift; path = AppDelegate.swift; sourceTree = "<group>"; };
		FBAB443F2368D23B000D48E3 /* SceneDelegate.swift */ = {isa = PBXFileReference; lastKnownFileType = sourcecode.swift; path = SceneDelegate.swift; sourceTree = "<group>"; };
		FBAB44412368D23B000D48E3 /* ViewController.swift */ = {isa = PBXFileReference; lastKnownFileType = sourcecode.swift; path = ViewController.swift; sourceTree = "<group>"; };
		FBAB44442368D23B000D48E3 /* Base */ = {isa = PBXFileReference; lastKnownFileType = file.storyboard; name = Base; path = Base.lproj/Main.storyboard; sourceTree = "<group>"; };
		FBAB44462368D23D000D48E3 /* Assets.xcassets */ = {isa = PBXFileReference; lastKnownFileType = folder.assetcatalog; path = Assets.xcassets; sourceTree = "<group>"; };
		FBAB44492368D23D000D48E3 /* Base */ = {isa = PBXFileReference; lastKnownFileType = file.storyboard; name = Base; path = Base.lproj/LaunchScreen.storyboard; sourceTree = "<group>"; };
		FBAB444B2368D23D000D48E3 /* Info.plist */ = {isa = PBXFileReference; lastKnownFileType = text.plist.xml; path = Info.plist; sourceTree = "<group>"; };
/* End PBXFileReference section */

/* Begin PBXFrameworksBuildPhase section */
		FBAB44372368D23B000D48E3 /* Frameworks */ = {
			isa = PBXFrameworksBuildPhase;
			buildActionMask = 2147483647;
			files = (
			);
			runOnlyForDeploymentPostprocessing = 0;
		};
/* End PBXFrameworksBuildPhase section */

/* Begin PBXGroup section */
		FBAB44312368D23B000D48E3 = {
			isa = PBXGroup;
			children = (
				FBAB443C2368D23B000D48E3 /* videoCredencial */,
				FBAB443B2368D23B000D48E3 /* Products */,
			);
			sourceTree = "<group>";
		};
		FBAB443B2368D23B000D48E3 /* Products */ = {
			isa = PBXGroup;
			children = (
				FBAB443A2368D23B000D48E3 /* videoCredencial.app */,
			);
			name = Products;
			sourceTree = "<group>";
		};
		FBAB443C2368D23B000D48E3 /* videoCredencial */ = {
			isa = PBXGroup;
			children = (
				FBAB443D2368D23B000D48E3 /* AppDelegate.swift */,
				FBAB443F2368D23B000D48E3 /* SceneDelegate.swift */,
				FBAB44412368D23B000D48E3 /* ViewController.swift */,
				FBAB44432368D23B000D48E3 /* Main.storyboard */,
				FBAB44462368D23D000D48E3 /* Assets.xcassets */,
				FBAB44482368D23D000D48E3 /* LaunchScreen.storyboard */,
				FBAB444B2368D23D000D48E3 /* Info.plist */,
				B4A89ADF2368E26300B447DC /* IMG_3973.mov */,
			);
			path = videoCredencial;
			sourceTree = "<group>";
		};
/* End PBXGroup section */

/* Begin PBXNativeTarget section */
		FBAB44392368D23B000D48E3 /* videoCredencial */ = {
			isa = PBXNativeTarget;
			buildConfigurationList = FBAB444E2368D23D000D48E3 /* Build configuration list for PBXNativeTarget "videoCredencial" */;
			buildPhases = (
				FBAB44362368D23B000D48E3 /* Sources */,
				FBAB44372368D23B000D48E3 /* Frameworks */,
				FBAB44382368D23B000D48E3 /* Resources */,
			);
			buildRules = (
			);
			dependencies = (
			);
			name = videoCredencial;
			productName = videoCredencial;
			productReference = FBAB443A2368D23B000D48E3 /* videoCredencial.app */;
			productType = "com.apple.product-type.application";
		};
/* End PBXNativeTarget section */

/* Begin PBXProject section */
		FBAB44322368D23B000D48E3 /* Project object */ = {
			isa = PBXProject;
			attributes = {
				LastSwiftUpdateCheck = 1100;
				LastUpgradeCheck = 1100;
				ORGANIZATIONNAME = itesm;
				TargetAttributes = {
					FBAB44392368D23B000D48E3 = {
						CreatedOnToolsVersion = 11.0;
					};
				};
			};
			buildConfigurationList = FBAB44352368D23B000D48E3 /* Build configuration list for PBXProject "videoCredencial" */;
			compatibilityVersion = "Xcode 9.3";
			developmentRegion = en;
			hasScannedForEncodings = 0;
			knownRegions = (
				en,
				Base,
			);
			mainGroup = FBAB44312368D23B000D48E3;
			productRefGroup = FBAB443B2368D23B000D48E3 /* Products */;
			projectDirPath = "";
			projectRoot = "";
			targets = (
				FBAB44392368D23B000D48E3 /* videoCredencial */,
			);
		};
/* End PBXProject section */

/* Begin PBXResourcesBuildPhase section */
		FBAB44382368D23B000D48E3 /* Resources */ = {
			isa = PBXResourcesBuildPhase;
			buildActionMask = 2147483647;
			files = (
				FBAB444A2368D23D000D48E3 /* LaunchScreen.storyboard in Resources */,
				FBAB44472368D23D000D48E3 /* Assets.xcassets in Resources */,
				B4A89AE02368E26300B447DC /* IMG_3973.mov in Resources */,
				FBAB44452368D23B000D48E3 /* Main.storyboard in Resources */,
			);
			runOnlyForDeploymentPostprocessing = 0;
		};
/* End PBXResourcesBuildPhase section */

/* Begin PBXSourcesBuildPhase section */
		FBAB44362368D23B000D48E3 /* Sources */ = {
			isa = PBXSourcesBuildPhase;
			buildActionMask = 2147483647;
			files = (
				FBAB44422368D23B000D48E3 /* ViewController.swift in Sources */,
				FBAB443E2368D23B000D48E3 /* AppDelegate.swift in Sources */,
				FBAB44402368D23B000D48E3 /* SceneDelegate.swift in Sources */,
			);
			runOnlyForDeploymentPostprocessing = 0;
		};
/* End PBXSourcesBuildPhase section */

/* Begin PBXVariantGroup section */
		FBAB44432368D23B000D48E3 /* Main.storyboard */ = {
			isa = PBXVariantGroup;
			children = (
				FBAB44442368D23B000D48E3 /* Base */,
			);
			name = Main.storyboard;
			sourceTree = "<group>";
		};
		FBAB44482368D23D000D48E3 /* LaunchScreen.storyboard */ = {
			isa = PBXVariantGroup;
			children = (
				FBAB44492368D23D000D48E3 /* Base */,
			);
			name = LaunchScreen.storyboard;
			sourceTree = "<group>";
		};
/* End PBXVariantGroup section */

/* Begin XCBuildConfiguration section */
		FBAB444C2368D23D000D48E3 /* Debug */ = {
			isa = XCBuildConfiguration;
			buildSettings = {
				ALWAYS_SEARCH_USER_PATHS = NO;
				CLANG_ANALYZER_NONNULL = YES;
				CLANG_ANALYZER_NUMBER_OBJECT_CONVERSION = YES_AGGRESSIVE;
				CLANG_CXX_LANGUAGE_STANDARD = "gnu++14";
				CLANG_CXX_LIBRARY = "libc++";
				CLANG_ENABLE_MODULES = YES;
				CLANG_ENABLE_OBJC_ARC = YES;
				CLANG_ENABLE_OBJC_WEAK = YES;
				CLANG_WARN_BLOCK_CAPTURE_AUTORELEASING = YES;
				CLANG_WARN_BOOL_CONVERSION = YES;
				CLANG_WARN_COMMA = YES;
				CLANG_WARN_CONSTANT_CONVERSION = YES;
				CLANG_WARN_DEPRECATED_OBJC_IMPLEMENTATIONS = YES;
				CLANG_WARN_DIRECT_OBJC_ISA_USAGE = YES_ERROR;
				CLANG_WARN_DOCUMENTATION_COMMENTS = YES;
				CLANG_WARN_EMPTY_BODY = YES;
				CLANG_WARN_ENUM_CONVERSION = YES;
				CLANG_WARN_INFINITE_RECURSION = YES;
				CLANG_WARN_INT_CONVERSION = YES;
				CLANG_WARN_NON_LITERAL_NULL_CONVERSION = YES;
				CLANG_WARN_OBJC_IMPLICIT_RETAIN_SELF = YES;
				CLANG_WARN_OBJC_LITERAL_CONVERSION = YES;
				CLANG_WARN_OBJC_ROOT_CLASS = YES_ERROR;
				CLANG_WARN_RANGE_LOOP_ANALYSIS = YES;
				CLANG_WARN_STRICT_PROTOTYPES = YES;
				CLANG_WARN_SUSPICIOUS_MOVE = YES;
				CLANG_WARN_UNGUARDED_AVAILABILITY = YES_AGGRESSIVE;
				CLANG_WARN_UNREACHABLE_CODE = YES;
				CLANG_WARN__DUPLICATE_METHOD_MATCH = YES;
				COPY_PHASE_STRIP = NO;
				DEBUG_INFORMATION_FORMAT = dwarf;
				ENABLE_STRICT_OBJC_MSGSEND = YES;
				ENABLE_TESTABILITY = YES;
				GCC_C_LANGUAGE_STANDARD = gnu11;
				GCC_DYNAMIC_NO_PIC = NO;
				GCC_NO_COMMON_BLOCKS = YES;
				GCC_OPTIMIZATION_LEVEL = 0;
				GCC_PREPROCESSOR_DEFINITIONS = (
					"DEBUG=1",
					"$(inherited)",
				);
				GCC_WARN_64_TO_32_BIT_CONVERSION = YES;
				GCC_WARN_ABOUT_RETURN_TYPE = YES_ERROR;
				GCC_WARN_UNDECLARED_SELECTOR = YES;
				GCC_WARN_UNINITIALIZED_AUTOS = YES_AGGRESSIVE;
				GCC_WARN_UNUSED_FUNCTION = YES;
				GCC_WARN_UNUSED_VARIABLE = YES;
				IPHONEOS_DEPLOYMENT_TARGET = 13.0;
				MTL_ENABLE_DEBUG_INFO = INCLUDE_SOURCE;
				MTL_FAST_MATH = YES;
				ONLY_ACTIVE_ARCH = YES;
				SDKROOT = iphoneos;
				SWIFT_ACTIVE_COMPILATION_CONDITIONS = DEBUG;
				SWIFT_OPTIMIZATION_LEVEL = "-Onone";
			};
			name = Debug;
		};
		FBAB444D2368D23D000D48E3 /* Release */ = {
			isa = XCBuildConfiguration;
			buildSettings = {
				ALWAYS_SEARCH_USER_PATHS = NO;
				CLANG_ANALYZER_NONNULL = YES;
				CLANG_ANALYZER_NUMBER_OBJECT_CONVERSION = YES_AGGRESSIVE;
				CLANG_CXX_LANGUAGE_STANDARD = "gnu++14";
				CLANG_CXX_LIBRARY = "libc++";
				CLANG_ENABLE_MODULES = YES;
				CLANG_ENABLE_OBJC_ARC = YES;
				CLANG_ENABLE_OBJC_WEAK = YES;
				CLANG_WARN_BLOCK_CAPTURE_AUTORELEASING = YES;
				CLANG_WARN_BOOL_CONVERSION = YES;
				CLANG_WARN_COMMA = YES;
				CLANG_WARN_CONSTANT_CONVERSION = YES;
				CLANG_WARN_DEPRECATED_OBJC_IMPLEMENTATIONS = YES;
				CLANG_WARN_DIRECT_OBJC_ISA_USAGE = YES_ERROR;
				CLANG_WARN_DOCUMENTATION_COMMENTS = YES;
				CLANG_WARN_EMPTY_BODY = YES;
				CLANG_WARN_ENUM_CONVERSION = YES;
				CLANG_WARN_INFINITE_RECURSION = YES;
				CLANG_WARN_INT_CONVERSION = YES;
				CLANG_WARN_NON_LITERAL_NULL_CONVERSION = YES;
				CLANG_WARN_OBJC_IMPLICIT_RETAIN_SELF = YES;
				CLANG_WARN_OBJC_LITERAL_CONVERSION = YES;
				CLANG_WARN_OBJC_ROOT_CLASS = YES_ERROR;
				CLANG_WARN_RANGE_LOOP_ANALYSIS = YES;
				CLANG_WARN_STRICT_PROTOTYPES = YES;
				CLANG_WARN_SUSPICIOUS_MOVE = YES;
				CLANG_WARN_UNGUARDED_AVAILABILITY = YES_AGGRESSIVE;
				CLANG_WARN_UNREACHABLE_CODE = YES;
				CLANG_WARN__DUPLICATE_METHOD_MATCH = YES;
				COPY_PHASE_STRIP = NO;
				DEBUG_INFORMATION_FORMAT = "dwarf-with-dsym";
				ENABLE_NS_ASSERTIONS = NO;
				ENABLE_STRICT_OBJC_MSGSEND = YES;
				GCC_C_LANGUAGE_STANDARD = gnu11;
				GCC_NO_COMMON_BLOCKS = YES;
				GCC_WARN_64_TO_32_BIT_CONVERSION = YES;
				GCC_WARN_ABOUT_RETURN_TYPE = YES_ERROR;
				GCC_WARN_UNDECLARED_SELECTOR = YES;
				GCC_WARN_UNINITIALIZED_AUTOS = YES_AGGRESSIVE;
				GCC_WARN_UNUSED_FUNCTION = YES;
				GCC_WARN_UNUSED_VARIABLE = YES;
				IPHONEOS_DEPLOYMENT_TARGET = 13.0;
				MTL_ENABLE_DEBUG_INFO = NO;
				MTL_FAST_MATH = YES;
				SDKROOT = iphoneos;
				SWIFT_COMPILATION_MODE = wholemodule;
				SWIFT_OPTIMIZATION_LEVEL = "-O";
				VALIDATE_PRODUCT = YES;
			};
			name = Release;
		};
		FBAB444F2368D23D000D48E3 /* Debug */ = {
			isa = XCBuildConfiguration;
			buildSettings = {
				ASSETCATALOG_COMPILER_APPICON_NAME = AppIcon;
				CODE_SIGN_STYLE = Automatic;
				DEVELOPMENT_TEAM = Q6WW69QFGQ;
				INFOPLIST_FILE = videoCredencial/Info.plist;
				LD_RUNPATH_SEARCH_PATHS = (
					"$(inherited)",
					"@executable_path/Frameworks",
				);
				PRODUCT_BUNDLE_IDENTIFIER = carlosgarza;
				PRODUCT_NAME = "$(TARGET_NAME)";
				SWIFT_VERSION = 5.0;
				TARGETED_DEVICE_FAMILY = "1,2";
			};
			name = Debug;
		};
		FBAB44502368D23D000D48E3 /* Release */ = {
			isa = XCBuildConfiguration;
			buildSettings = {
				ASSETCATALOG_COMPILER_APPICON_NAME = AppIcon;
				CODE_SIGN_STYLE = Automatic;
				DEVELOPMENT_TEAM = Q6WW69QFGQ;
				INFOPLIST_FILE = videoCredencial/Info.plist;
				LD_RUNPATH_SEARCH_PATHS = (
					"$(inherited)",
					"@executable_path/Frameworks",
				);
				PRODUCT_BUNDLE_IDENTIFIER = carlosgarza;
				PRODUCT_NAME = "$(TARGET_NAME)";
				SWIFT_VERSION = 5.0;
				TARGETED_DEVICE_FAMILY = "1,2";
			};
			name = Release;
		};
/* End XCBuildConfiguration section */

/* Begin XCConfigurationList section */
		FBAB44352368D23B000D48E3 /* Build configuration list for PBXProject "videoCredencial" */ = {
			isa = XCConfigurationList;
			buildConfigurations = (
				FBAB444C2368D23D000D48E3 /* Debug */,
				FBAB444D2368D23D000D48E3 /* Release */,
			);
			defaultConfigurationIsVisible = 0;
			defaultConfigurationName = Release;
		};
		FBAB444E2368D23D000D48E3 /* Build configuration list for PBXNativeTarget "videoCredencial" */ = {
			isa = XCConfigurationList;
			buildConfigurations = (
				FBAB444F2368D23D000D48E3 /* Debug */,
				FBAB44502368D23D000D48E3 /* Release */,
			);
			defaultConfigurationIsVisible = 0;
			defaultConfigurationName = Release;
		};
/* End XCConfigurationList section */
	};
	rootObject = FBAB44322368D23B000D48E3 /* Project object */;
}
